// !$*UTF8*$!
{
	archiveVersion = 1;
	classes = {
	};
	objectVersion = 50;
	objects = {

/* Begin PBXBuildFile section */
		531C10E325A6A34500AE10AA /* SortingAlgorithmsTest.swift in Sources */ = {isa = PBXBuildFile; fileRef = 531C10E225A6A34500AE10AA /* SortingAlgorithmsTest.swift */; };
		531C10E725A6C76900AE10AA /* SortedAlgorithms.swift in Sources */ = {isa = PBXBuildFile; fileRef = 531C10E625A6C76900AE10AA /* SortedAlgorithms.swift */; };
		5354F8BB25A16CEC0061F0FC /* DataStructurePackage.framework in Frameworks */ = {isa = PBXBuildFile; fileRef = 5354F8B125A16CEC0061F0FC /* DataStructurePackage.framework */; };
		5354F8CE25A16D600061F0FC /* Stack.swift in Sources */ = {isa = PBXBuildFile; fileRef = 5354F8CD25A16D600061F0FC /* Stack.swift */; };
		5354F8D225A16D6E0061F0FC /* StackTest.swift in Sources */ = {isa = PBXBuildFile; fileRef = 5354F8D125A16D6E0061F0FC /* StackTest.swift */; };
		5354F8D625A1858C0061F0FC /* ChallangeStackTest.swift in Sources */ = {isa = PBXBuildFile; fileRef = 5354F8D525A1858C0061F0FC /* ChallangeStackTest.swift */; };
		5354F91425A54F090061F0FC /* Queue.swift in Sources */ = {isa = PBXBuildFile; fileRef = 5354F91325A54F090061F0FC /* Queue.swift */; };
		5354F91825A550570061F0FC /* QueueTest.swift in Sources */ = {isa = PBXBuildFile; fileRef = 5354F91725A550570061F0FC /* QueueTest.swift */; };
/* End PBXBuildFile section */

/* Begin PBXContainerItemProxy section */
		5354F8BC25A16CEC0061F0FC /* PBXContainerItemProxy */ = {
			isa = PBXContainerItemProxy;
			containerPortal = 5354F8A825A16CEB0061F0FC /* Project object */;
			proxyType = 1;
			remoteGlobalIDString = 5354F8B025A16CEC0061F0FC;
			remoteInfo = DataStructurePackage;
		};
/* End PBXContainerItemProxy section */

/* Begin PBXFileReference section */
		531C10E225A6A34500AE10AA /* SortingAlgorithmsTest.swift */ = {isa = PBXFileReference; lastKnownFileType = sourcecode.swift; path = SortingAlgorithmsTest.swift; sourceTree = "<group>"; };
		531C10E625A6C76900AE10AA /* SortedAlgorithms.swift */ = {isa = PBXFileReference; lastKnownFileType = sourcecode.swift; path = SortedAlgorithms.swift; sourceTree = "<group>"; };
		5354F8B125A16CEC0061F0FC /* DataStructurePackage.framework */ = {isa = PBXFileReference; explicitFileType = wrapper.framework; includeInIndex = 0; path = DataStructurePackage.framework; sourceTree = BUILT_PRODUCTS_DIR; };
		5354F8B525A16CEC0061F0FC /* Info.plist */ = {isa = PBXFileReference; lastKnownFileType = text.plist.xml; path = Info.plist; sourceTree = "<group>"; };
		5354F8BA25A16CEC0061F0FC /* DataStructurePackageTests.xctest */ = {isa = PBXFileReference; explicitFileType = wrapper.cfbundle; includeInIndex = 0; path = DataStructurePackageTests.xctest; sourceTree = BUILT_PRODUCTS_DIR; };
		5354F8C125A16CEC0061F0FC /* Info.plist */ = {isa = PBXFileReference; lastKnownFileType = text.plist.xml; path = Info.plist; sourceTree = "<group>"; };
		5354F8CD25A16D600061F0FC /* Stack.swift */ = {isa = PBXFileReference; lastKnownFileType = sourcecode.swift; path = Stack.swift; sourceTree = "<group>"; };
		5354F8D125A16D6E0061F0FC /* StackTest.swift */ = {isa = PBXFileReference; lastKnownFileType = sourcecode.swift; path = StackTest.swift; sourceTree = "<group>"; };
		5354F8D525A1858C0061F0FC /* ChallangeStackTest.swift */ = {isa = PBXFileReference; lastKnownFileType = sourcecode.swift; path = ChallangeStackTest.swift; sourceTree = "<group>"; };
		5354F91325A54F090061F0FC /* Queue.swift */ = {isa = PBXFileReference; lastKnownFileType = sourcecode.swift; path = Queue.swift; sourceTree = "<group>"; };
		5354F91725A550570061F0FC /* QueueTest.swift */ = {isa = PBXFileReference; lastKnownFileType = sourcecode.swift; path = QueueTest.swift; sourceTree = "<group>"; };
/* End PBXFileReference section */

/* Begin PBXFrameworksBuildPhase section */
		5354F8AE25A16CEC0061F0FC /* Frameworks */ = {
			isa = PBXFrameworksBuildPhase;
			buildActionMask = 2147483647;
			files = (
			);
			runOnlyForDeploymentPostprocessing = 0;
		};
		5354F8B725A16CEC0061F0FC /* Frameworks */ = {
			isa = PBXFrameworksBuildPhase;
			buildActionMask = 2147483647;
			files = (
				5354F8BB25A16CEC0061F0FC /* DataStructurePackage.framework in Frameworks */,
			);
			runOnlyForDeploymentPostprocessing = 0;
		};
/* End PBXFrameworksBuildPhase section */

/* Begin PBXGroup section */
		5354F8A725A16CEB0061F0FC = {
			isa = PBXGroup;
			children = (
				5354F8B325A16CEC0061F0FC /* DataStructurePackage */,
				5354F8BE25A16CEC0061F0FC /* DataStructurePackageTests */,
				5354F8B225A16CEC0061F0FC /* Products */,
			);
			sourceTree = "<group>";
		};
		5354F8B225A16CEC0061F0FC /* Products */ = {
			isa = PBXGroup;
			children = (
				5354F8B125A16CEC0061F0FC /* DataStructurePackage.framework */,
				5354F8BA25A16CEC0061F0FC /* DataStructurePackageTests.xctest */,
			);
			name = Products;
			sourceTree = "<group>";
		};
		5354F8B325A16CEC0061F0FC /* DataStructurePackage */ = {
			isa = PBXGroup;
			children = (
				5354F8B525A16CEC0061F0FC /* Info.plist */,
				5354F8CD25A16D600061F0FC /* Stack.swift */,
				5354F91325A54F090061F0FC /* Queue.swift */,
				531C10E625A6C76900AE10AA /* SortedAlgorithms.swift */,
			);
			path = DataStructurePackage;
			sourceTree = "<group>";
		};
		5354F8BE25A16CEC0061F0FC /* DataStructurePackageTests */ = {
			isa = PBXGroup;
			children = (
				5354F8C125A16CEC0061F0FC /* Info.plist */,
				5354F8D125A16D6E0061F0FC /* StackTest.swift */,
				5354F8D525A1858C0061F0FC /* ChallangeStackTest.swift */,
				5354F91725A550570061F0FC /* QueueTest.swift */,
				531C10E225A6A34500AE10AA /* SortingAlgorithmsTest.swift */,
			);
			path = DataStructurePackageTests;
			sourceTree = "<group>";
		};
/* End PBXGroup section */

/* Begin PBXHeadersBuildPhase section */
		5354F8AC25A16CEC0061F0FC /* Headers */ = {
			isa = PBXHeadersBuildPhase;
			buildActionMask = 2147483647;
			files = (
			);
			runOnlyForDeploymentPostprocessing = 0;
		};
/* End PBXHeadersBuildPhase section */

/* Begin PBXNativeTarget section */
		5354F8B025A16CEC0061F0FC /* DataStructurePackage */ = {
			isa = PBXNativeTarget;
			buildConfigurationList = 5354F8C525A16CEC0061F0FC /* Build configuration list for PBXNativeTarget "DataStructurePackage" */;
			buildPhases = (
				5354F8AC25A16CEC0061F0FC /* Headers */,
				5354F8AD25A16CEC0061F0FC /* Sources */,
				5354F8AE25A16CEC0061F0FC /* Frameworks */,
				5354F8AF25A16CEC0061F0FC /* Resources */,
			);
			buildRules = (
			);
			dependencies = (
			);
			name = DataStructurePackage;
			productName = DataStructurePackage;
			productReference = 5354F8B125A16CEC0061F0FC /* DataStructurePackage.framework */;
			productType = "com.apple.product-type.framework";
		};
		5354F8B925A16CEC0061F0FC /* DataStructurePackageTests */ = {
			isa = PBXNativeTarget;
			buildConfigurationList = 5354F8C825A16CEC0061F0FC /* Build configuration list for PBXNativeTarget "DataStructurePackageTests" */;
			buildPhases = (
				5354F8B625A16CEC0061F0FC /* Sources */,
				5354F8B725A16CEC0061F0FC /* Frameworks */,
				5354F8B825A16CEC0061F0FC /* Resources */,
			);
			buildRules = (
			);
			dependencies = (
				5354F8BD25A16CEC0061F0FC /* PBXTargetDependency */,
			);
			name = DataStructurePackageTests;
			productName = DataStructurePackageTests;
			productReference = 5354F8BA25A16CEC0061F0FC /* DataStructurePackageTests.xctest */;
			productType = "com.apple.product-type.bundle.unit-test";
		};
/* End PBXNativeTarget section */

/* Begin PBXProject section */
		5354F8A825A16CEB0061F0FC /* Project object */ = {
			isa = PBXProject;
			attributes = {
				LastSwiftUpdateCheck = 1220;
				LastUpgradeCheck = 1220;
				TargetAttributes = {
					5354F8B025A16CEC0061F0FC = {
						CreatedOnToolsVersion = 12.2;
						LastSwiftMigration = 1220;
					};
					5354F8B925A16CEC0061F0FC = {
						CreatedOnToolsVersion = 12.2;
						LastSwiftMigration = 1220;
					};
				};
			};
			buildConfigurationList = 5354F8AB25A16CEB0061F0FC /* Build configuration list for PBXProject "DataStructurePackage" */;
			compatibilityVersion = "Xcode 9.3";
			developmentRegion = en;
			hasScannedForEncodings = 0;
			knownRegions = (
				en,
				Base,
			);
			mainGroup = 5354F8A725A16CEB0061F0FC;
			productRefGroup = 5354F8B225A16CEC0061F0FC /* Products */;
			projectDirPath = "";
			projectRoot = "";
			targets = (
				5354F8B025A16CEC0061F0FC /* DataStructurePackage */,
				5354F8B925A16CEC0061F0FC /* DataStructurePackageTests */,
			);
		};
/* End PBXProject section */

/* Begin PBXResourcesBuildPhase section */
		5354F8AF25A16CEC0061F0FC /* Resources */ = {
			isa = PBXResourcesBuildPhase;
			buildActionMask = 2147483647;
			files = (
			);
			runOnlyForDeploymentPostprocessing = 0;
		};
		5354F8B825A16CEC0061F0FC /* Resources */ = {
			isa = PBXResourcesBuildPhase;
			buildActionMask = 2147483647;
			files = (
			);
			runOnlyForDeploymentPostprocessing = 0;
		};
/* End PBXResourcesBuildPhase section */

/* Begin PBXSourcesBuildPhase section */
		5354F8AD25A16CEC0061F0FC /* Sources */ = {
			isa = PBXSourcesBuildPhase;
			buildActionMask = 2147483647;
			files = (
				531C10E725A6C76900AE10AA /* SortedAlgorithms.swift in Sources */,
				5354F8CE25A16D600061F0FC /* Stack.swift in Sources */,
				5354F91425A54F090061F0FC /* Queue.swift in Sources */,
			);
			runOnlyForDeploymentPostprocessing = 0;
		};
		5354F8B625A16CEC0061F0FC /* Sources */ = {
			isa = PBXSourcesBuildPhase;
			buildActionMask = 2147483647;
			files = (
				5354F8D625A1858C0061F0FC /* ChallangeStackTest.swift in Sources */,
				5354F8D225A16D6E0061F0FC /* StackTest.swift in Sources */,
				531C10E325A6A34500AE10AA /* SortingAlgorithmsTest.swift in Sources */,
				5354F91825A550570061F0FC /* QueueTest.swift in Sources */,
			);
			runOnlyForDeploymentPostprocessing = 0;
		};
/* End PBXSourcesBuildPhase section */

/* Begin PBXTargetDependency section */
		5354F8BD25A16CEC0061F0FC /* PBXTargetDependency */ = {
			isa = PBXTargetDependency;
			target = 5354F8B025A16CEC0061F0FC /* DataStructurePackage */;
			targetProxy = 5354F8BC25A16CEC0061F0FC /* PBXContainerItemProxy */;
		};
/* End PBXTargetDependency section */

/* Begin XCBuildConfiguration section */
		5354F8C325A16CEC0061F0FC /* Debug */ = {
			isa = XCBuildConfiguration;
			buildSettings = {
				ALWAYS_SEARCH_USER_PATHS = NO;
				CLANG_ANALYZER_NONNULL = YES;
				CLANG_ANALYZER_NUMBER_OBJECT_CONVERSION = YES_AGGRESSIVE;
				CLANG_CXX_LANGUAGE_STANDARD = "gnu++14";
				CLANG_CXX_LIBRARY = "libc++";
				CLANG_ENABLE_MODULES = YES;
				CLANG_ENABLE_OBJC_ARC = YES;
				CLANG_ENABLE_OBJC_WEAK = YES;
				CLANG_WARN_BLOCK_CAPTURE_AUTORELEASING = YES;
				CLANG_WARN_BOOL_CONVERSION = YES;
				CLANG_WARN_COMMA = YES;
				CLANG_WARN_CONSTANT_CONVERSION = YES;
				CLANG_WARN_DEPRECATED_OBJC_IMPLEMENTATIONS = YES;
				CLANG_WARN_DIRECT_OBJC_ISA_USAGE = YES_ERROR;
				CLANG_WARN_DOCUMENTATION_COMMENTS = YES;
				CLANG_WARN_EMPTY_BODY = YES;
				CLANG_WARN_ENUM_CONVERSION = YES;
				CLANG_WARN_INFINITE_RECURSION = YES;
				CLANG_WARN_INT_CONVERSION = YES;
				CLANG_WARN_NON_LITERAL_NULL_CONVERSION = YES;
				CLANG_WARN_OBJC_IMPLICIT_RETAIN_SELF = YES;
				CLANG_WARN_OBJC_LITERAL_CONVERSION = YES;
				CLANG_WARN_OBJC_ROOT_CLASS = YES_ERROR;
				CLANG_WARN_QUOTED_INCLUDE_IN_FRAMEWORK_HEADER = YES;
				CLANG_WARN_RANGE_LOOP_ANALYSIS = YES;
				CLANG_WARN_STRICT_PROTOTYPES = YES;
				CLANG_WARN_SUSPICIOUS_MOVE = YES;
				CLANG_WARN_UNGUARDED_AVAILABILITY = YES_AGGRESSIVE;
				CLANG_WARN_UNREACHABLE_CODE = YES;
				CLANG_WARN__DUPLICATE_METHOD_MATCH = YES;
				COPY_PHASE_STRIP = NO;
				CURRENT_PROJECT_VERSION = 1;
				DEBUG_INFORMATION_FORMAT = dwarf;
				ENABLE_STRICT_OBJC_MSGSEND = YES;
				ENABLE_TESTABILITY = YES;
				GCC_C_LANGUAGE_STANDARD = gnu11;
				GCC_DYNAMIC_NO_PIC = NO;
				GCC_NO_COMMON_BLOCKS = YES;
				GCC_OPTIMIZATION_LEVEL = 0;
				GCC_PREPROCESSOR_DEFINITIONS = (
					"DEBUG=1",
					"$(inherited)",
				);
				GCC_WARN_64_TO_32_BIT_CONVERSION = YES;
				GCC_WARN_ABOUT_RETURN_TYPE = YES_ERROR;
				GCC_WARN_UNDECLARED_SELECTOR = YES;
				GCC_WARN_UNINITIALIZED_AUTOS = YES_AGGRESSIVE;
				GCC_WARN_UNUSED_FUNCTION = YES;
				GCC_WARN_UNUSED_VARIABLE = YES;
				MACOSX_DEPLOYMENT_TARGET = 10.15;
				MTL_ENABLE_DEBUG_INFO = INCLUDE_SOURCE;
				MTL_FAST_MATH = YES;
				ONLY_ACTIVE_ARCH = YES;
				SDKROOT = macosx;
				SWIFT_ACTIVE_COMPILATION_CONDITIONS = DEBUG;
				SWIFT_OPTIMIZATION_LEVEL = "-Onone";
				VERSIONING_SYSTEM = "apple-generic";
				VERSION_INFO_PREFIX = "";
			};
			name = Debug;
		};
		5354F8C425A16CEC0061F0FC /* Release */ = {
			isa = XCBuildConfiguration;
			buildSettings = {
				ALWAYS_SEARCH_USER_PATHS = NO;
				CLANG_ANALYZER_NONNULL = YES;
				CLANG_ANALYZER_NUMBER_OBJECT_CONVERSION = YES_AGGRESSIVE;
				CLANG_CXX_LANGUAGE_STANDARD = "gnu++14";
				CLANG_CXX_LIBRARY = "libc++";
				CLANG_ENABLE_MODULES = YES;
				CLANG_ENABLE_OBJC_ARC = YES;
				CLANG_ENABLE_OBJC_WEAK = YES;
				CLANG_WARN_BLOCK_CAPTURE_AUTORELEASING = YES;
				CLANG_WARN_BOOL_CONVERSION = YES;
				CLANG_WARN_COMMA = YES;
				CLANG_WARN_CONSTANT_CONVERSION = YES;
				CLANG_WARN_DEPRECATED_OBJC_IMPLEMENTATIONS = YES;
				CLANG_WARN_DIRECT_OBJC_ISA_USAGE = YES_ERROR;
				CLANG_WARN_DOCUMENTATION_COMMENTS = YES;
				CLANG_WARN_EMPTY_BODY = YES;
				CLANG_WARN_ENUM_CONVERSION = YES;
				CLANG_WARN_INFINITE_RECURSION = YES;
				CLANG_WARN_INT_CONVERSION = YES;
				CLANG_WARN_NON_LITERAL_NULL_CONVERSION = YES;
				CLANG_WARN_OBJC_IMPLICIT_RETAIN_SELF = YES;
				CLANG_WARN_OBJC_LITERAL_CONVERSION = YES;
				CLANG_WARN_OBJC_ROOT_CLASS = YES_ERROR;
				CLANG_WARN_QUOTED_INCLUDE_IN_FRAMEWORK_HEADER = YES;
				CLANG_WARN_RANGE_LOOP_ANALYSIS = YES;
				CLANG_WARN_STRICT_PROTOTYPES = YES;
				CLANG_WARN_SUSPICIOUS_MOVE = YES;
				CLANG_WARN_UNGUARDED_AVAILABILITY = YES_AGGRESSIVE;
				CLANG_WARN_UNREACHABLE_CODE = YES;
				CLANG_WARN__DUPLICATE_METHOD_MATCH = YES;
				COPY_PHASE_STRIP = NO;
				CURRENT_PROJECT_VERSION = 1;
				DEBUG_INFORMATION_FORMAT = "dwarf-with-dsym";
				ENABLE_NS_ASSERTIONS = NO;
				ENABLE_STRICT_OBJC_MSGSEND = YES;
				GCC_C_LANGUAGE_STANDARD = gnu11;
				GCC_NO_COMMON_BLOCKS = YES;
				GCC_WARN_64_TO_32_BIT_CONVERSION = YES;
				GCC_WARN_ABOUT_RETURN_TYPE = YES_ERROR;
				GCC_WARN_UNDECLARED_SELECTOR = YES;
				GCC_WARN_UNINITIALIZED_AUTOS = YES_AGGRESSIVE;
				GCC_WARN_UNUSED_FUNCTION = YES;
				GCC_WARN_UNUSED_VARIABLE = YES;
				MACOSX_DEPLOYMENT_TARGET = 10.15;
				MTL_ENABLE_DEBUG_INFO = NO;
				MTL_FAST_MATH = YES;
				SDKROOT = macosx;
				SWIFT_COMPILATION_MODE = wholemodule;
				SWIFT_OPTIMIZATION_LEVEL = "-O";
				VERSIONING_SYSTEM = "apple-generic";
				VERSION_INFO_PREFIX = "";
			};
			name = Release;
		};
		5354F8C625A16CEC0061F0FC /* Debug */ = {
			isa = XCBuildConfiguration;
			buildSettings = {
				CLANG_ENABLE_MODULES = YES;
				CODE_SIGN_STYLE = Automatic;
				COMBINE_HIDPI_IMAGES = YES;
				DEFINES_MODULE = YES;
				DYLIB_COMPATIBILITY_VERSION = 1;
				DYLIB_CURRENT_VERSION = 1;
				DYLIB_INSTALL_NAME_BASE = "@rpath";
				INFOPLIST_FILE = DataStructurePackage/Info.plist;
				INSTALL_PATH = "$(LOCAL_LIBRARY_DIR)/Frameworks";
				LD_RUNPATH_SEARCH_PATHS = (
					"$(inherited)",
					"@executable_path/../Frameworks",
					"@loader_path/Frameworks",
				);
				PRODUCT_BUNDLE_IDENTIFIER = com.aeman.DataStructurePackage;
				PRODUCT_NAME = "$(TARGET_NAME:c99extidentifier)";
				SKIP_INSTALL = YES;
				SWIFT_OPTIMIZATION_LEVEL = "-Onone";
				SWIFT_VERSION = 5.0;
			};
			name = Debug;
		};
		5354F8C725A16CEC0061F0FC /* Release */ = {
			isa = XCBuildConfiguration;
			buildSettings = {
				CLANG_ENABLE_MODULES = YES;
				CODE_SIGN_STYLE = Automatic;
				COMBINE_HIDPI_IMAGES = YES;
				DEFINES_MODULE = YES;
				DYLIB_COMPATIBILITY_VERSION = 1;
				DYLIB_CURRENT_VERSION = 1;
				DYLIB_INSTALL_NAME_BASE = "@rpath";
				INFOPLIST_FILE = DataStructurePackage/Info.plist;
				INSTALL_PATH = "$(LOCAL_LIBRARY_DIR)/Frameworks";
				LD_RUNPATH_SEARCH_PATHS = (
					"$(inherited)",
					"@executable_path/../Frameworks",
					"@loader_path/Frameworks",
				);
				PRODUCT_BUNDLE_IDENTIFIER = com.aeman.DataStructurePackage;
				PRODUCT_NAME = "$(TARGET_NAME:c99extidentifier)";
				SKIP_INSTALL = YES;
				SWIFT_VERSION = 5.0;
			};
			name = Release;
		};
		5354F8C925A16CEC0061F0FC /* Debug */ = {
			isa = XCBuildConfiguration;
			buildSettings = {
				ALWAYS_EMBED_SWIFT_STANDARD_LIBRARIES = YES;
				CLANG_ENABLE_MODULES = YES;
				CODE_SIGN_STYLE = Automatic;
				COMBINE_HIDPI_IMAGES = YES;
				INFOPLIST_FILE = DataStructurePackageTests/Info.plist;
				LD_RUNPATH_SEARCH_PATHS = (
					"$(inherited)",
					"@executable_path/../Frameworks",
					"@loader_path/../Frameworks",
				);
				PRODUCT_BUNDLE_IDENTIFIER = com.aeman.DataStructurePackageTests;
				PRODUCT_NAME = "$(TARGET_NAME)";
				SWIFT_OPTIMIZATION_LEVEL = "-Onone";
				SWIFT_VERSION = 5.0;
			};
			name = Debug;
		};
		5354F8CA25A16CEC0061F0FC /* Release */ = {
			isa = XCBuildConfiguration;
			buildSettings = {
				ALWAYS_EMBED_SWIFT_STANDARD_LIBRARIES = YES;
				CLANG_ENABLE_MODULES = YES;
				CODE_SIGN_STYLE = Automatic;
				COMBINE_HIDPI_IMAGES = YES;
				INFOPLIST_FILE = DataStructurePackageTests/Info.plist;
				LD_RUNPATH_SEARCH_PATHS = (
					"$(inherited)",
					"@executable_path/../Frameworks",
					"@loader_path/../Frameworks",
				);
				PRODUCT_BUNDLE_IDENTIFIER = com.aeman.DataStructurePackageTests;
				PRODUCT_NAME = "$(TARGET_NAME)";
				SWIFT_VERSION = 5.0;
			};
			name = Release;
		};
/* End XCBuildConfiguration section */

/* Begin XCConfigurationList section */
		5354F8AB25A16CEB0061F0FC /* Build configuration list for PBXProject "DataStructurePackage" */ = {
			isa = XCConfigurationList;
			buildConfigurations = (
				5354F8C325A16CEC0061F0FC /* Debug */,
				5354F8C425A16CEC0061F0FC /* Release */,
			);
			defaultConfigurationIsVisible = 0;
			defaultConfigurationName = Release;
		};
		5354F8C525A16CEC0061F0FC /* Build configuration list for PBXNativeTarget "DataStructurePackage" */ = {
			isa = XCConfigurationList;
			buildConfigurations = (
				5354F8C625A16CEC0061F0FC /* Debug */,
				5354F8C725A16CEC0061F0FC /* Release */,
			);
			defaultConfigurationIsVisible = 0;
			defaultConfigurationName = Release;
		};
		5354F8C825A16CEC0061F0FC /* Build configuration list for PBXNativeTarget "DataStructurePackageTests" */ = {
			isa = XCConfigurationList;
			buildConfigurations = (
				5354F8C925A16CEC0061F0FC /* Debug */,
				5354F8CA25A16CEC0061F0FC /* Release */,
			);
			defaultConfigurationIsVisible = 0;
			defaultConfigurationName = Release;
		};
/* End XCConfigurationList section */
	};
	rootObject = 5354F8A825A16CEB0061F0FC /* Project object */;
}
